
Microsoft Visual Studio Solution File, Format Version 12.00
# Visual Studio Version 16
VisualStudioVersion = 16.0.30413.136
MinimumVisualStudioVersion = 10.0.40219.1
Project("{FAE04EC0-301F-11D3-BF4B-00C04F79EFBC}") = "ClockKata", "ClockKata\ClockKata.csproj", "{2B56D051-3F68-476E-96C1-10EF8058ACDC}"
EndProject
Global
	GlobalSection(SolutionConfigurationPlatforms) = preSolution
		Debug|Any CPU = Debug|Any CPU
		Release|Any CPU = Release|Any CPU
	EndGlobalSection
	GlobalSection(ProjectConfigurationPlatforms) = postSolution
		{2B56D051-3F68-476E-96C1-10EF8058ACDC}.Debug|Any CPU.ActiveCfg = Debug|Any CPU
		{2B56D051-3F68-476E-96C1-10EF8058ACDC}.Debug|Any CPU.Build.0 = Debug|Any CPU
		{2B56D051-3F68-476E-96C1-10EF8058ACDC}.Release|Any CPU.ActiveCfg = Release|Any CPU
		{2B56D051-3F68-476E-96C1-10EF8058ACDC}.Release|Any CPU.Build.0 = Release|Any CPU
	EndGlobalSection
	GlobalSection(SolutionProperties) = preSolution
		HideSolutionNode = FALSE
	EndGlobalSection
	GlobalSection(ExtensibilityGlobals) = postSolution
		SolutionGuid = {3712ADDB-F651-499B-B590-48089BFD4F2D}
	EndGlobalSection
EndGlobal
